// !$*UTF8*$!
{
	archiveVersion = 1;
	classes = {
	};
	objectVersion = 50;
	objects = {

/* Begin PBXBuildFile section */
		FD1987742592C355002EE337 /* AppDelegate.swift in Sources */ = {isa = PBXBuildFile; fileRef = FD1987732592C355002EE337 /* AppDelegate.swift */; };
		FD1987762592C355002EE337 /* SceneDelegate.swift in Sources */ = {isa = PBXBuildFile; fileRef = FD1987752592C355002EE337 /* SceneDelegate.swift */; };
		FD1987782592C355002EE337 /* ContentView.swift in Sources */ = {isa = PBXBuildFile; fileRef = FD1987772592C355002EE337 /* ContentView.swift */; };
		FD19877A2592C359002EE337 /* Assets.xcassets in Resources */ = {isa = PBXBuildFile; fileRef = FD1987792592C359002EE337 /* Assets.xcassets */; };
		FD19877D2592C359002EE337 /* Preview Assets.xcassets in Resources */ = {isa = PBXBuildFile; fileRef = FD19877C2592C359002EE337 /* Preview Assets.xcassets */; };
		FD1987802592C359002EE337 /* LaunchScreen.storyboard in Resources */ = {isa = PBXBuildFile; fileRef = FD19877E2592C359002EE337 /* LaunchScreen.storyboard */; };
		FD19878B2592C35A002EE337 /* ListSample_SwiftUITests.swift in Sources */ = {isa = PBXBuildFile; fileRef = FD19878A2592C35A002EE337 /* ListSample_SwiftUITests.swift */; };
		FD1987962592C35A002EE337 /* ListSample_SwiftUIUITests.swift in Sources */ = {isa = PBXBuildFile; fileRef = FD1987952592C35A002EE337 /* ListSample_SwiftUIUITests.swift */; };
		FD1987AA259317E3002EE337 /* SampleData.swift in Sources */ = {isa = PBXBuildFile; fileRef = FD1987A9259317E3002EE337 /* SampleData.swift */; };
		FD1987AF25933605002EE337 /* SampleListRow.swift in Sources */ = {isa = PBXBuildFile; fileRef = FD1987AE25933605002EE337 /* SampleListRow.swift */; };
/* End PBXBuildFile section */

/* Begin PBXContainerItemProxy section */
		FD1987872592C35A002EE337 /* PBXContainerItemProxy */ = {
			isa = PBXContainerItemProxy;
			containerPortal = FD1987682592C355002EE337 /* Project object */;
			proxyType = 1;
			remoteGlobalIDString = FD19876F2592C355002EE337;
			remoteInfo = ListSample_SwiftUI;
		};
		FD1987922592C35A002EE337 /* PBXContainerItemProxy */ = {
			isa = PBXContainerItemProxy;
			containerPortal = FD1987682592C355002EE337 /* Project object */;
			proxyType = 1;
			remoteGlobalIDString = FD19876F2592C355002EE337;
			remoteInfo = ListSample_SwiftUI;
		};
/* End PBXContainerItemProxy section */

/* Begin PBXFileReference section */
		FD1987702592C355002EE337 /* ListSample_SwiftUI.app */ = {isa = PBXFileReference; explicitFileType = wrapper.application; includeInIndex = 0; path = ListSample_SwiftUI.app; sourceTree = BUILT_PRODUCTS_DIR; };
		FD1987732592C355002EE337 /* AppDelegate.swift */ = {isa = PBXFileReference; lastKnownFileType = sourcecode.swift; path = AppDelegate.swift; sourceTree = "<group>"; };
		FD1987752592C355002EE337 /* SceneDelegate.swift */ = {isa = PBXFileReference; lastKnownFileType = sourcecode.swift; path = SceneDelegate.swift; sourceTree = "<group>"; };
		FD1987772592C355002EE337 /* ContentView.swift */ = {isa = PBXFileReference; lastKnownFileType = sourcecode.swift; path = ContentView.swift; sourceTree = "<group>"; };
		FD1987792592C359002EE337 /* Assets.xcassets */ = {isa = PBXFileReference; lastKnownFileType = folder.assetcatalog; path = Assets.xcassets; sourceTree = "<group>"; };
		FD19877C2592C359002EE337 /* Preview Assets.xcassets */ = {isa = PBXFileReference; lastKnownFileType = folder.assetcatalog; path = "Preview Assets.xcassets"; sourceTree = "<group>"; };
		FD19877F2592C359002EE337 /* Base */ = {isa = PBXFileReference; lastKnownFileType = file.storyboard; name = Base; path = Base.lproj/LaunchScreen.storyboard; sourceTree = "<group>"; };
		FD1987812592C359002EE337 /* Info.plist */ = {isa = PBXFileReference; lastKnownFileType = text.plist.xml; path = Info.plist; sourceTree = "<group>"; };
		FD1987862592C35A002EE337 /* ListSample_SwiftUITests.xctest */ = {isa = PBXFileReference; explicitFileType = wrapper.cfbundle; includeInIndex = 0; path = ListSample_SwiftUITests.xctest; sourceTree = BUILT_PRODUCTS_DIR; };
		FD19878A2592C35A002EE337 /* ListSample_SwiftUITests.swift */ = {isa = PBXFileReference; lastKnownFileType = sourcecode.swift; path = ListSample_SwiftUITests.swift; sourceTree = "<group>"; };
		FD19878C2592C35A002EE337 /* Info.plist */ = {isa = PBXFileReference; lastKnownFileType = text.plist.xml; path = Info.plist; sourceTree = "<group>"; };
		FD1987912592C35A002EE337 /* ListSample_SwiftUIUITests.xctest */ = {isa = PBXFileReference; explicitFileType = wrapper.cfbundle; includeInIndex = 0; path = ListSample_SwiftUIUITests.xctest; sourceTree = BUILT_PRODUCTS_DIR; };
		FD1987952592C35A002EE337 /* ListSample_SwiftUIUITests.swift */ = {isa = PBXFileReference; lastKnownFileType = sourcecode.swift; path = ListSample_SwiftUIUITests.swift; sourceTree = "<group>"; };
		FD1987972592C35A002EE337 /* Info.plist */ = {isa = PBXFileReference; lastKnownFileType = text.plist.xml; path = Info.plist; sourceTree = "<group>"; };
		FD1987A9259317E3002EE337 /* SampleData.swift */ = {isa = PBXFileReference; lastKnownFileType = sourcecode.swift; path = SampleData.swift; sourceTree = "<group>"; };
		FD1987AE25933605002EE337 /* SampleListRow.swift */ = {isa = PBXFileReference; lastKnownFileType = sourcecode.swift; path = SampleListRow.swift; sourceTree = "<group>"; };
/* End PBXFileReference section */

/* Begin PBXFrameworksBuildPhase section */
		FD19876D2592C355002EE337 /* Frameworks */ = {
			isa = PBXFrameworksBuildPhase;
			buildActionMask = 2147483647;
			files = (
			);
			runOnlyForDeploymentPostprocessing = 0;
		};
		FD1987832592C35A002EE337 /* Frameworks */ = {
			isa = PBXFrameworksBuildPhase;
			buildActionMask = 2147483647;
			files = (
			);
			runOnlyForDeploymentPostprocessing = 0;
		};
		FD19878E2592C35A002EE337 /* Frameworks */ = {
			isa = PBXFrameworksBuildPhase;
			buildActionMask = 2147483647;
			files = (
			);
			runOnlyForDeploymentPostprocessing = 0;
		};
/* End PBXFrameworksBuildPhase section */

/* Begin PBXGroup section */
		FD1987672592C355002EE337 = {
			isa = PBXGroup;
			children = (
				FD1987722592C355002EE337 /* ListSample_SwiftUI */,
				FD1987892592C35A002EE337 /* ListSample_SwiftUITests */,
				FD1987942592C35A002EE337 /* ListSample_SwiftUIUITests */,
				FD1987712592C355002EE337 /* Products */,
			);
			sourceTree = "<group>";
		};
		FD1987712592C355002EE337 /* Products */ = {
			isa = PBXGroup;
			children = (
				FD1987702592C355002EE337 /* ListSample_SwiftUI.app */,
				FD1987862592C35A002EE337 /* ListSample_SwiftUITests.xctest */,
				FD1987912592C35A002EE337 /* ListSample_SwiftUIUITests.xctest */,
			);
			name = Products;
			sourceTree = "<group>";
		};
		FD1987722592C355002EE337 /* ListSample_SwiftUI */ = {
			isa = PBXGroup;
			children = (
				FD1987732592C355002EE337 /* AppDelegate.swift */,
				FD1987752592C355002EE337 /* SceneDelegate.swift */,
				FD1987772592C355002EE337 /* ContentView.swift */,
				FD1987A9259317E3002EE337 /* SampleData.swift */,
				FD1987AE25933605002EE337 /* SampleListRow.swift */,
				FD1987792592C359002EE337 /* Assets.xcassets */,
				FD19877E2592C359002EE337 /* LaunchScreen.storyboard */,
				FD1987812592C359002EE337 /* Info.plist */,
				FD19877B2592C359002EE337 /* Preview Content */,
			);
			path = ListSample_SwiftUI;
			sourceTree = "<group>";
		};
		FD19877B2592C359002EE337 /* Preview Content */ = {
			isa = PBXGroup;
			children = (
				FD19877C2592C359002EE337 /* Preview Assets.xcassets */,
			);
			path = "Preview Content";
			sourceTree = "<group>";
		};
		FD1987892592C35A002EE337 /* ListSample_SwiftUITests */ = {
			isa = PBXGroup;
			children = (
				FD19878A2592C35A002EE337 /* ListSample_SwiftUITests.swift */,
				FD19878C2592C35A002EE337 /* Info.plist */,
			);
			path = ListSample_SwiftUITests;
			sourceTree = "<group>";
		};
		FD1987942592C35A002EE337 /* ListSample_SwiftUIUITests */ = {
			isa = PBXGroup;
			children = (
				FD1987952592C35A002EE337 /* ListSample_SwiftUIUITests.swift */,
				FD1987972592C35A002EE337 /* Info.plist */,
			);
			path = ListSample_SwiftUIUITests;
			sourceTree = "<group>";
		};
/* End PBXGroup section */

/* Begin PBXNativeTarget section */
		FD19876F2592C355002EE337 /* ListSample_SwiftUI */ = {
			isa = PBXNativeTarget;
			buildConfigurationList = FD19879A2592C35A002EE337 /* Build configuration list for PBXNativeTarget "ListSample_SwiftUI" */;
			buildPhases = (
				FD19876C2592C355002EE337 /* Sources */,
				FD19876D2592C355002EE337 /* Frameworks */,
				FD19876E2592C355002EE337 /* Resources */,
			);
			buildRules = (
			);
			dependencies = (
			);
			name = ListSample_SwiftUI;
			productName = ListSample_SwiftUI;
			productReference = FD1987702592C355002EE337 /* ListSample_SwiftUI.app */;
			productType = "com.apple.product-type.application";
		};
		FD1987852592C35A002EE337 /* ListSample_SwiftUITests */ = {
			isa = PBXNativeTarget;
			buildConfigurationList = FD19879D2592C35A002EE337 /* Build configuration list for PBXNativeTarget "ListSample_SwiftUITests" */;
			buildPhases = (
				FD1987822592C35A002EE337 /* Sources */,
				FD1987832592C35A002EE337 /* Frameworks */,
				FD1987842592C35A002EE337 /* Resources */,
			);
			buildRules = (
			);
			dependencies = (
				FD1987882592C35A002EE337 /* PBXTargetDependency */,
			);
			name = ListSample_SwiftUITests;
			productName = ListSample_SwiftUITests;
			productReference = FD1987862592C35A002EE337 /* ListSample_SwiftUITests.xctest */;
			productType = "com.apple.product-type.bundle.unit-test";
		};
		FD1987902592C35A002EE337 /* ListSample_SwiftUIUITests */ = {
			isa = PBXNativeTarget;
			buildConfigurationList = FD1987A02592C35A002EE337 /* Build configuration list for PBXNativeTarget "ListSample_SwiftUIUITests" */;
			buildPhases = (
				FD19878D2592C35A002EE337 /* Sources */,
				FD19878E2592C35A002EE337 /* Frameworks */,
				FD19878F2592C35A002EE337 /* Resources */,
			);
			buildRules = (
			);
			dependencies = (
				FD1987932592C35A002EE337 /* PBXTargetDependency */,
			);
			name = ListSample_SwiftUIUITests;
			productName = ListSample_SwiftUIUITests;
			productReference = FD1987912592C35A002EE337 /* ListSample_SwiftUIUITests.xctest */;
			productType = "com.apple.product-type.bundle.ui-testing";
		};
/* End PBXNativeTarget section */

/* Begin PBXProject section */
		FD1987682592C355002EE337 /* Project object */ = {
			isa = PBXProject;
			attributes = {
				LastSwiftUpdateCheck = 1220;
				LastUpgradeCheck = 1220;
				TargetAttributes = {
					FD19876F2592C355002EE337 = {
						CreatedOnToolsVersion = 12.2;
					};
					FD1987852592C35A002EE337 = {
						CreatedOnToolsVersion = 12.2;
						TestTargetID = FD19876F2592C355002EE337;
					};
					FD1987902592C35A002EE337 = {
						CreatedOnToolsVersion = 12.2;
						TestTargetID = FD19876F2592C355002EE337;
					};
				};
			};
			buildConfigurationList = FD19876B2592C355002EE337 /* Build configuration list for PBXProject "ListSample_SwiftUI" */;
			compatibilityVersion = "Xcode 9.3";
			developmentRegion = en;
			hasScannedForEncodings = 0;
			knownRegions = (
				en,
				Base,
			);
			mainGroup = FD1987672592C355002EE337;
			productRefGroup = FD1987712592C355002EE337 /* Products */;
			projectDirPath = "";
			projectRoot = "";
			targets = (
				FD19876F2592C355002EE337 /* ListSample_SwiftUI */,
				FD1987852592C35A002EE337 /* ListSample_SwiftUITests */,
				FD1987902592C35A002EE337 /* ListSample_SwiftUIUITests */,
			);
		};
/* End PBXProject section */

/* Begin PBXResourcesBuildPhase section */
		FD19876E2592C355002EE337 /* Resources */ = {
			isa = PBXResourcesBuildPhase;
			buildActionMask = 2147483647;
			files = (
				FD1987802592C359002EE337 /* LaunchScreen.storyboard in Resources */,
				FD19877D2592C359002EE337 /* Preview Assets.xcassets in Resources */,
				FD19877A2592C359002EE337 /* Assets.xcassets in Resources */,
			);
			runOnlyForDeploymentPostprocessing = 0;
		};
		FD1987842592C35A002EE337 /* Resources */ = {
			isa = PBXResourcesBuildPhase;
			buildActionMask = 2147483647;
			files = (
			);
			runOnlyForDeploymentPostprocessing = 0;
		};
		FD19878F2592C35A002EE337 /* Resources */ = {
			isa = PBXResourcesBuildPhase;
			buildActionMask = 2147483647;
			files = (
			);
			runOnlyForDeploymentPostprocessing = 0;
		};
/* End PBXResourcesBuildPhase section */

/* Begin PBXSourcesBuildPhase section */
		FD19876C2592C355002EE337 /* Sources */ = {
			isa = PBXSourcesBuildPhase;
			buildActionMask = 2147483647;
			files = (
				FD1987742592C355002EE337 /* AppDelegate.swift in Sources */,
				FD1987762592C355002EE337 /* SceneDelegate.swift in Sources */,
				FD1987782592C355002EE337 /* ContentView.swift in Sources */,
				FD1987AF25933605002EE337 /* SampleListRow.swift in Sources */,
				FD1987AA259317E3002EE337 /* SampleData.swift in Sources */,
			);
			runOnlyForDeploymentPostprocessing = 0;
		};
		FD1987822592C35A002EE337 /* Sources */ = {
			isa = PBXSourcesBuildPhase;
			buildActionMask = 2147483647;
			files = (
				FD19878B2592C35A002EE337 /* ListSample_SwiftUITests.swift in Sources */,
			);
			runOnlyForDeploymentPostprocessing = 0;
		};
		FD19878D2592C35A002EE337 /* Sources */ = {
			isa = PBXSourcesBuildPhase;
			buildActionMask = 2147483647;
			files = (
				FD1987962592C35A002EE337 /* ListSample_SwiftUIUITests.swift in Sources */,
			);
			runOnlyForDeploymentPostprocessing = 0;
		};
/* End PBXSourcesBuildPhase section */

/* Begin PBXTargetDependency section */
		FD1987882592C35A002EE337 /* PBXTargetDependency */ = {
			isa = PBXTargetDependency;
			target = FD19876F2592C355002EE337 /* ListSample_SwiftUI */;
			targetProxy = FD1987872592C35A002EE337 /* PBXContainerItemProxy */;
		};
		FD1987932592C35A002EE337 /* PBXTargetDependency */ = {
			isa = PBXTargetDependency;
			target = FD19876F2592C355002EE337 /* ListSample_SwiftUI */;
			targetProxy = FD1987922592C35A002EE337 /* PBXContainerItemProxy */;
		};
/* End PBXTargetDependency section */

/* Begin PBXVariantGroup section */
		FD19877E2592C359002EE337 /* LaunchScreen.storyboard */ = {
			isa = PBXVariantGroup;
			children = (
				FD19877F2592C359002EE337 /* Base */,
			);
			name = LaunchScreen.storyboard;
			sourceTree = "<group>";
		};
/* End PBXVariantGroup section */

/* Begin XCBuildConfiguration section */
		FD1987982592C35A002EE337 /* Debug */ = {
			isa = XCBuildConfiguration;
			buildSettings = {
				ALWAYS_SEARCH_USER_PATHS = NO;
				CLANG_ANALYZER_NONNULL = YES;
				CLANG_ANALYZER_NUMBER_OBJECT_CONVERSION = YES_AGGRESSIVE;
				CLANG_CXX_LANGUAGE_STANDARD = "gnu++14";
				CLANG_CXX_LIBRARY = "libc++";
				CLANG_ENABLE_MODULES = YES;
				CLANG_ENABLE_OBJC_ARC = YES;
				CLANG_ENABLE_OBJC_WEAK = YES;
				CLANG_WARN_BLOCK_CAPTURE_AUTORELEASING = YES;
				CLANG_WARN_BOOL_CONVERSION = YES;
				CLANG_WARN_COMMA = YES;
				CLANG_WARN_CONSTANT_CONVERSION = YES;
				CLANG_WARN_DEPRECATED_OBJC_IMPLEMENTATIONS = YES;
				CLANG_WARN_DIRECT_OBJC_ISA_USAGE = YES_ERROR;
				CLANG_WARN_DOCUMENTATION_COMMENTS = YES;
				CLANG_WARN_EMPTY_BODY = YES;
				CLANG_WARN_ENUM_CONVERSION = YES;
				CLANG_WARN_INFINITE_RECURSION = YES;
				CLANG_WARN_INT_CONVERSION = YES;
				CLANG_WARN_NON_LITERAL_NULL_CONVERSION = YES;
				CLANG_WARN_OBJC_IMPLICIT_RETAIN_SELF = YES;
				CLANG_WARN_OBJC_LITERAL_CONVERSION = YES;
				CLANG_WARN_OBJC_ROOT_CLASS = YES_ERROR;
				CLANG_WARN_QUOTED_INCLUDE_IN_FRAMEWORK_HEADER = YES;
				CLANG_WARN_RANGE_LOOP_ANALYSIS = YES;
				CLANG_WARN_STRICT_PROTOTYPES = YES;
				CLANG_WARN_SUSPICIOUS_MOVE = YES;
				CLANG_WARN_UNGUARDED_AVAILABILITY = YES_AGGRESSIVE;
				CLANG_WARN_UNREACHABLE_CODE = YES;
				CLANG_WARN__DUPLICATE_METHOD_MATCH = YES;
				COPY_PHASE_STRIP = NO;
				DEBUG_INFORMATION_FORMAT = dwarf;
				ENABLE_STRICT_OBJC_MSGSEND = YES;
				ENABLE_TESTABILITY = YES;
				GCC_C_LANGUAGE_STANDARD = gnu11;
				GCC_DYNAMIC_NO_PIC = NO;
				GCC_NO_COMMON_BLOCKS = YES;
				GCC_OPTIMIZATION_LEVEL = 0;
				GCC_PREPROCESSOR_DEFINITIONS = (
					"DEBUG=1",
					"$(inherited)",
				);
				GCC_WARN_64_TO_32_BIT_CONVERSION = YES;
				GCC_WARN_ABOUT_RETURN_TYPE = YES_ERROR;
				GCC_WARN_UNDECLARED_SELECTOR = YES;
				GCC_WARN_UNINITIALIZED_AUTOS = YES_AGGRESSIVE;
				GCC_WARN_UNUSED_FUNCTION = YES;
				GCC_WARN_UNUSED_VARIABLE = YES;
				IPHONEOS_DEPLOYMENT_TARGET = 14.2;
				MTL_ENABLE_DEBUG_INFO = INCLUDE_SOURCE;
				MTL_FAST_MATH = YES;
				ONLY_ACTIVE_ARCH = YES;
				SDKROOT = iphoneos;
				SWIFT_ACTIVE_COMPILATION_CONDITIONS = DEBUG;
				SWIFT_OPTIMIZATION_LEVEL = "-Onone";
			};
			name = Debug;
		};
		FD1987992592C35A002EE337 /* Release */ = {
			isa = XCBuildConfiguration;
			buildSettings = {
				ALWAYS_SEARCH_USER_PATHS = NO;
				CLANG_ANALYZER_NONNULL = YES;
				CLANG_ANALYZER_NUMBER_OBJECT_CONVERSION = YES_AGGRESSIVE;
				CLANG_CXX_LANGUAGE_STANDARD = "gnu++14";
				CLANG_CXX_LIBRARY = "libc++";
				CLANG_ENABLE_MODULES = YES;
				CLANG_ENABLE_OBJC_ARC = YES;
				CLANG_ENABLE_OBJC_WEAK = YES;
				CLANG_WARN_BLOCK_CAPTURE_AUTORELEASING = YES;
				CLANG_WARN_BOOL_CONVERSION = YES;
				CLANG_WARN_COMMA = YES;
				CLANG_WARN_CONSTANT_CONVERSION = YES;
				CLANG_WARN_DEPRECATED_OBJC_IMPLEMENTATIONS = YES;
				CLANG_WARN_DIRECT_OBJC_ISA_USAGE = YES_ERROR;
				CLANG_WARN_DOCUMENTATION_COMMENTS = YES;
				CLANG_WARN_EMPTY_BODY = YES;
				CLANG_WARN_ENUM_CONVERSION = YES;
				CLANG_WARN_INFINITE_RECURSION = YES;
				CLANG_WARN_INT_CONVERSION = YES;
				CLANG_WARN_NON_LITERAL_NULL_CONVERSION = YES;
				CLANG_WARN_OBJC_IMPLICIT_RETAIN_SELF = YES;
				CLANG_WARN_OBJC_LITERAL_CONVERSION = YES;
				CLANG_WARN_OBJC_ROOT_CLASS = YES_ERROR;
				CLANG_WARN_QUOTED_INCLUDE_IN_FRAMEWORK_HEADER = YES;
				CLANG_WARN_RANGE_LOOP_ANALYSIS = YES;
				CLANG_WARN_STRICT_PROTOTYPES = YES;
				CLANG_WARN_SUSPICIOUS_MOVE = YES;
				CLANG_WARN_UNGUARDED_AVAILABILITY = YES_AGGRESSIVE;
				CLANG_WARN_UNREACHABLE_CODE = YES;
				CLANG_WARN__DUPLICATE_METHOD_MATCH = YES;
				COPY_PHASE_STRIP = NO;
				DEBUG_INFORMATION_FORMAT = "dwarf-with-dsym";
				ENABLE_NS_ASSERTIONS = NO;
				ENABLE_STRICT_OBJC_MSGSEND = YES;
				GCC_C_LANGUAGE_STANDARD = gnu11;
				GCC_NO_COMMON_BLOCKS = YES;
				GCC_WARN_64_TO_32_BIT_CONVERSION = YES;
				GCC_WARN_ABOUT_RETURN_TYPE = YES_ERROR;
				GCC_WARN_UNDECLARED_SELECTOR = YES;
				GCC_WARN_UNINITIALIZED_AUTOS = YES_AGGRESSIVE;
				GCC_WARN_UNUSED_FUNCTION = YES;
				GCC_WARN_UNUSED_VARIABLE = YES;
				IPHONEOS_DEPLOYMENT_TARGET = 14.2;
				MTL_ENABLE_DEBUG_INFO = NO;
				MTL_FAST_MATH = YES;
				SDKROOT = iphoneos;
				SWIFT_COMPILATION_MODE = wholemodule;
				SWIFT_OPTIMIZATION_LEVEL = "-O";
				VALIDATE_PRODUCT = YES;
			};
			name = Release;
		};
		FD19879B2592C35A002EE337 /* Debug */ = {
			isa = XCBuildConfiguration;
			buildSettings = {
				ASSETCATALOG_COMPILER_APPICON_NAME = AppIcon;
				ASSETCATALOG_COMPILER_GLOBAL_ACCENT_COLOR_NAME = AccentColor;
				CODE_SIGN_STYLE = Automatic;
				DEVELOPMENT_ASSET_PATHS = "\"ListSample_SwiftUI/Preview Content\"";
				DEVELOPMENT_TEAM = QWY8CP674Q;
				ENABLE_PREVIEWS = YES;
				INFOPLIST_FILE = ListSample_SwiftUI/Info.plist;
				LD_RUNPATH_SEARCH_PATHS = (
					"$(inherited)",
					"@executable_path/Frameworks",
				);
				PRODUCT_BUNDLE_IDENTIFIER = "Swift-beginners2.ListSample-SwiftUI";
				PRODUCT_NAME = "$(TARGET_NAME)";
				SWIFT_VERSION = 5.0;
				TARGETED_DEVICE_FAMILY = "1,2";
			};
			name = Debug;
		};
		FD19879C2592C35A002EE337 /* Release */ = {
			isa = XCBuildConfiguration;
			buildSettings = {
				ASSETCATALOG_COMPILER_APPICON_NAME = AppIcon;
				ASSETCATALOG_COMPILER_GLOBAL_ACCENT_COLOR_NAME = AccentColor;
				CODE_SIGN_STYLE = Automatic;
				DEVELOPMENT_ASSET_PATHS = "\"ListSample_SwiftUI/Preview Content\"";
				DEVELOPMENT_TEAM = QWY8CP674Q;
				ENABLE_PREVIEWS = YES;
				INFOPLIST_FILE = ListSample_SwiftUI/Info.plist;
				LD_RUNPATH_SEARCH_PATHS = (
					"$(inherited)",
					"@executable_path/Frameworks",
				);
				PRODUCT_BUNDLE_IDENTIFIER = "Swift-beginners2.ListSample-SwiftUI";
				PRODUCT_NAME = "$(TARGET_NAME)";
				SWIFT_VERSION = 5.0;
				TARGETED_DEVICE_FAMILY = "1,2";
			};
			name = Release;
		};
		FD19879E2592C35A002EE337 /* Debug */ = {
			isa = XCBuildConfiguration;
			buildSettings = {
				ALWAYS_EMBED_SWIFT_STANDARD_LIBRARIES = YES;
				BUNDLE_LOADER = "$(TEST_HOST)";
				CODE_SIGN_STYLE = Automatic;
				DEVELOPMENT_TEAM = QWY8CP674Q;
				INFOPLIST_FILE = ListSample_SwiftUITests/Info.plist;
				IPHONEOS_DEPLOYMENT_TARGET = 14.2;
				LD_RUNPATH_SEARCH_PATHS = (
					"$(inherited)",
					"@executable_path/Frameworks",
					"@loader_path/Frameworks",
				);
				PRODUCT_BUNDLE_IDENTIFIER = "Swift-beginners2.ListSample-SwiftUITests";
				PRODUCT_NAME = "$(TARGET_NAME)";
				SWIFT_VERSION = 5.0;
				TARGETED_DEVICE_FAMILY = "1,2";
				TEST_HOST = "$(BUILT_PRODUCTS_DIR)/ListSample_SwiftUI.app/ListSample_SwiftUI";
			};
			name = Debug;
		};
		FD19879F2592C35A002EE337 /* Release */ = {
			isa = XCBuildConfiguration;
			buildSettings = {
				ALWAYS_EMBED_SWIFT_STANDARD_LIBRARIES = YES;
				BUNDLE_LOADER = "$(TEST_HOST)";
				CODE_SIGN_STYLE = Automatic;
				DEVELOPMENT_TEAM = QWY8CP674Q;
				INFOPLIST_FILE = ListSample_SwiftUITests/Info.plist;
				IPHONEOS_DEPLOYMENT_TARGET = 14.2;
				LD_RUNPATH_SEARCH_PATHS = (
					"$(inherited)",
					"@executable_path/Frameworks",
					"@loader_path/Frameworks",
				);
				PRODUCT_BUNDLE_IDENTIFIER = "Swift-beginners2.ListSample-SwiftUITests";
				PRODUCT_NAME = "$(TARGET_NAME)";
				SWIFT_VERSION = 5.0;
				TARGETED_DEVICE_FAMILY = "1,2";
				TEST_HOST = "$(BUILT_PRODUCTS_DIR)/ListSample_SwiftUI.app/ListSample_SwiftUI";
			};
			name = Release;
		};
		FD1987A12592C35A002EE337 /* Debug */ = {
			isa = XCBuildConfiguration;
			buildSettings = {
				ALWAYS_EMBED_SWIFT_STANDARD_LIBRARIES = YES;
				CODE_SIGN_STYLE = Automatic;
				DEVELOPMENT_TEAM = QWY8CP674Q;
				INFOPLIST_FILE = ListSample_SwiftUIUITests/Info.plist;
				LD_RUNPATH_SEARCH_PATHS = (
					"$(inherited)",
					"@executable_path/Frameworks",
					"@loader_path/Frameworks",
				);
				PRODUCT_BUNDLE_IDENTIFIER = "Swift-beginners2.ListSample-SwiftUIUITests";
				PRODUCT_NAME = "$(TARGET_NAME)";
				SWIFT_VERSION = 5.0;
				TARGETED_DEVICE_FAMILY = "1,2";
				TEST_TARGET_NAME = ListSample_SwiftUI;
			};
			name = Debug;
		};
		FD1987A22592C35A002EE337 /* Release */ = {
			isa = XCBuildConfiguration;
			buildSettings = {
				ALWAYS_EMBED_SWIFT_STANDARD_LIBRARIES = YES;
				CODE_SIGN_STYLE = Automatic;
				DEVELOPMENT_TEAM = QWY8CP674Q;
				INFOPLIST_FILE = ListSample_SwiftUIUITests/Info.plist;
				LD_RUNPATH_SEARCH_PATHS = (
					"$(inherited)",
					"@executable_path/Frameworks",
					"@loader_path/Frameworks",
				);
				PRODUCT_BUNDLE_IDENTIFIER = "Swift-beginners2.ListSample-SwiftUIUITests";
				PRODUCT_NAME = "$(TARGET_NAME)";
				SWIFT_VERSION = 5.0;
				TARGETED_DEVICE_FAMILY = "1,2";
				TEST_TARGET_NAME = ListSample_SwiftUI;
			};
			name = Release;
		};
/* End XCBuildConfiguration section */

/* Begin XCConfigurationList section */
		FD19876B2592C355002EE337 /* Build configuration list for PBXProject "ListSample_SwiftUI" */ = {
			isa = XCConfigurationList;
			buildConfigurations = (
				FD1987982592C35A002EE337 /* Debug */,
				FD1987992592C35A002EE337 /* Release */,
			);
			defaultConfigurationIsVisible = 0;
			defaultConfigurationName = Release;
		};
		FD19879A2592C35A002EE337 /* Build configuration list for PBXNativeTarget "ListSample_SwiftUI" */ = {
			isa = XCConfigurationList;
			buildConfigurations = (
				FD19879B2592C35A002EE337 /* Debug */,
				FD19879C2592C35A002EE337 /* Release */,
			);
			defaultConfigurationIsVisible = 0;
			defaultConfigurationName = Release;
		};
		FD19879D2592C35A002EE337 /* Build configuration list for PBXNativeTarget "ListSample_SwiftUITests" */ = {
			isa = XCConfigurationList;
			buildConfigurations = (
				FD19879E2592C35A002EE337 /* Debug */,
				FD19879F2592C35A002EE337 /* Release */,
			);
			defaultConfigurationIsVisible = 0;
			defaultConfigurationName = Release;
		};
		FD1987A02592C35A002EE337 /* Build configuration list for PBXNativeTarget "ListSample_SwiftUIUITests" */ = {
			isa = XCConfigurationList;
			buildConfigurations = (
				FD1987A12592C35A002EE337 /* Debug */,
				FD1987A22592C35A002EE337 /* Release */,
			);
			defaultConfigurationIsVisible = 0;
			defaultConfigurationName = Release;
		};
/* End XCConfigurationList section */
	};
	rootObject = FD1987682592C355002EE337 /* Project object */;
}
